
Microsoft Visual Studio Solution File, Format Version 12.00
# Visual Studio Version 16
VisualStudioVersion = 16.0.29613.14
MinimumVisualStudioVersion = 10.0.40219.1
Project("{FAE04EC0-301F-11D3-BF4B-00C04F79EFBC}") = "Oop2", "Oop2\Oop2.csproj", "{CE913607-D7E7-414B-B965-EDA4BA85CB0F}"
EndProject
Project("{FAE04EC0-301F-11D3-BF4B-00C04F79EFBC}") = "Oop3", "Oop3\Oop3.csproj", "{AD817467-E7E9-4CBE-9058-3DD601A0C404}"
EndProject
Global
	GlobalSection(SolutionConfigurationPlatforms) = preSolution
		Debug|Any CPU = Debug|Any CPU
		Release|Any CPU = Release|Any CPU
	EndGlobalSection
	GlobalSection(ProjectConfigurationPlatforms) = postSolution
		{CE913607-D7E7-414B-B965-EDA4BA85CB0F}.Debug|Any CPU.ActiveCfg = Debug|Any CPU
		{CE913607-D7E7-414B-B965-EDA4BA85CB0F}.Debug|Any CPU.Build.0 = Debug|Any CPU
		{CE913607-D7E7-414B-B965-EDA4BA85CB0F}.Release|Any CPU.ActiveCfg = Release|Any CPU
		{CE913607-D7E7-414B-B965-EDA4BA85CB0F}.Release|Any CPU.Build.0 = Release|Any CPU
		{AD817467-E7E9-4CBE-9058-3DD601A0C404}.Debug|Any CPU.ActiveCfg = Debug|Any CPU
		{AD817467-E7E9-4CBE-9058-3DD601A0C404}.Debug|Any CPU.Build.0 = Debug|Any CPU
		{AD817467-E7E9-4CBE-9058-3DD601A0C404}.Release|Any CPU.ActiveCfg = Release|Any CPU
		{AD817467-E7E9-4CBE-9058-3DD601A0C404}.Release|Any CPU.Build.0 = Release|Any CPU
	EndGlobalSection
	GlobalSection(SolutionProperties) = preSolution
		HideSolutionNode = FALSE
	EndGlobalSection
	GlobalSection(ExtensibilityGlobals) = postSolution
		SolutionGuid = {ACB2D72A-77DE-41A6-872C-E58CF230AF17}
	EndGlobalSection
EndGlobal
